PODS:
  - Flutter (1.0.0)
  - linphone-sdk (4.3.1):
    - linphone-sdk/basic-frameworks (= 4.3.1)
  - linphone-sdk/basic-frameworks (4.3.1)
  - mz_back_plugin (0.0.1):
    - Flutter
  - permission_handler_apple (9.0.4):
    - Flutter
  - td_sip_plugin (0.0.1):
    - Flutter
    - TDSip (= 1.0.3)
  - TDSip (1.0.3):
    - linphone-sdk (= 4.3.1)

DEPENDENCIES:
  - Flutter (from `Flutter`)
  - mz_back_plugin (from `.symlinks/plugins/mz_back_plugin/ios`)
  - permission_handler_apple (from `.symlinks/plugins/permission_handler_apple/ios`)
  - td_sip_plugin (from `.symlinks/plugins/td_sip_plugin/ios`)

SPEC REPOS:
  https://git.trudian.com/Trudian/Specs.git:
    - TDSip
  https://gitlab.linphone.org/BC/public/podspec.git:
    - linphone-sdk

EXTERNAL SOURCES:
  Flutter:
    :path: Flutter
  mz_back_plugin:
    :path: ".symlinks/plugins/mz_back_plugin/ios"
  permission_handler_apple:
    :path: ".symlinks/plugins/permission_handler_apple/ios"
  td_sip_plugin:
    :path: ".symlinks/plugins/td_sip_plugin/ios"

SPEC CHECKSUMS:
  Flutter: 50d75fe2f02b26cc09d224853bb45737f8b3214a
  linphone-sdk: 044f9b75a34b1a4cc31fc7c73933f07eb102f8a7
  mz_back_plugin: 96b4b5d4286e3cc276d2ac1f3e1771a36a84bf5c
  permission_handler_apple: 44366e37eaf29454a1e7b1b7d736c2cceaeb17ce
  td_sip_plugin: 3bf72033ada48d6dda977950938db4a4f7fb6b93
  TDSip: 8777c349df0a07d1317d26aa52d058b77c62b656

PODFILE CHECKSUM: fa1f080986f78e6d5da92ded9a29943130bb9edb

COCOAPODS: 1.11.2
